{
  "lockfileVersion": 1,
  "configVersion": 1,
  "workspaces": {
    "": {
      "name": "bun-react-template",
      "dependencies": {
        "@ant-design/icons": "^6.1.0",
        "antd": "^6.3.0",
        "react": "^19.2.4",
        "react-dom": "^19.2.4",
      },
      "devDependencies": {
        "@biomejs/biome": "2.4.9",
        "@happy-dom/global-registrator": "^20.8.9",
        "@testing-library/react": "^16.3.2",
        "@types/bun": "^1.3.11",
        "@types/react": "^19.2.14",
        "@types/react-dom": "^19.2.3",
        "typescript": "^5.9.3",
      },
    },
  },
  "packages": {
    "@ant-design/colors": ["@ant-design/colors@8.0.1", "", { "dependencies": { "@ant-design/fast-color": "^3.0.0" } }, "sha512-foPVl0+SWIslGUtD/xBr1p9U4AKzPhNYEseXYRRo5QSzGACYZrQbe11AYJbYfAWnWSpGBx6JjBmSeugUsD9vqQ=="],

    "@ant-design/cssinjs": ["@ant-design/cssinjs@2.1.2", "", { "dependencies": { "@babel/runtime": "^7.11.1", "@emotion/hash": "^0.8.0", "@emotion/unitless": "^0.7.5", "@rc-component/util": "^1.4.0", "clsx": "^2.1.1", "csstype": "^3.1.3", "stylis": "^4.3.4" }, "peerDependencies": { "react": ">=16.0.0", "react-dom": ">=16.0.0" } }, "sha512-2Hy8BnCEH31xPeSLbhhB2ctCPXE2ZnASdi+KbSeS79BNbUhL9hAEe20SkUk+BR8aKTmqb6+FKFruk7w8z0VoRQ=="],

    "@ant-design/cssinjs-utils": ["@ant-design/cssinjs-utils@2.1.2", "", { "dependencies": { "@ant-design/cssinjs": "^2.1.2", "@babel/runtime": "^7.23.2", "@rc-component/util": "^1.4.0" }, "peerDependencies": { "react": ">=18", "react-dom": ">=18" } }, "sha512-5fTHQ158jJJ5dC/ECeyIdZUzKxE/mpEMRZxthyG1sw/AKRHKgJBg00Yi6ACVXgycdje7KahRNvNET/uBccwCnA=="],

    "@ant-design/fast-color": ["@ant-design/fast-color@3.0.1", "", {}, "sha512-esKJegpW4nckh0o6kV3Tkb7NPIZYbPnnFxmQDUmL08ukXZAvV85TZBr70eGuke/CIArLaP6aw8lt9KILjnWuOw=="],

    "@ant-design/icons": ["@ant-design/icons@6.1.0", "", { "dependencies": { "@ant-design/colors": "^8.0.0", "@ant-design/icons-svg": "^4.4.0", "@rc-component/util": "^1.3.0", "clsx": "^2.1.1" }, "peerDependencies": { "react": ">=16.0.0", "react-dom": ">=16.0.0" } }, "sha512-KrWMu1fIg3w/1F2zfn+JlfNDU8dDqILfA5Tg85iqs1lf8ooyGlbkA+TkwfOKKgqpUmAiRY1PTFpuOU2DAIgSUg=="],

    "@ant-design/icons-svg": ["@ant-design/icons-svg@4.4.2", "", {}, "sha512-vHbT+zJEVzllwP+CM+ul7reTEfBR0vgxFe7+lREAsAA7YGsYpboiq2sQNeQeRvh09GfQgs/GyFEvZpJ9cLXpXA=="],

    "@ant-design/react-slick": ["@ant-design/react-slick@2.0.0", "", { "dependencies": { "@babel/runtime": "^7.28.4", "clsx": "^2.1.1", "json2mq": "^0.2.0", "throttle-debounce": "^5.0.0" }, "peerDependencies": { "react": "^0.14.0 || ^15.0.1 || ^16.0.0 || ^17.0.0 || ^18.0.0 || ^19.0.0", "react-dom": "^0.14.0 || ^15.0.1 || ^16.0.0 || ^17.0.0 || ^18.0.0 || ^19.0.0" } }, "sha512-HMS9sRoEmZey8LsE/Yo6+klhlzU12PisjrVcydW3So7RdklyEd2qehyU6a7Yp+OYN72mgsYs3NFCyP2lCPFVqg=="],

    "@babel/code-frame": ["@babel/code-frame@7.29.0", "", { "dependencies": { "@babel/helper-validator-identifier": "^7.28.5", "js-tokens": "^4.0.0", "picocolors": "^1.1.1" } }, "sha512-9NhCeYjq9+3uxgdtp20LSiJXJvN0FeCtNGpJxuMFZ1Kv3cWUNb6DOhJwUvcVCzKGR66cw4njwM6hrJLqgOwbcw=="],

    "@babel/helper-validator-identifier": ["@babel/helper-validator-identifier@7.28.5", "", {}, "sha512-qSs4ifwzKJSV39ucNjsvc6WVHs6b7S03sOh2OcHF9UHfVPqWWALUsNUVzhSBiItjRZoLHx7nIarVjqKVusUZ1Q=="],

    "@babel/runtime": ["@babel/runtime@7.29.2", "", {}, "sha512-JiDShH45zKHWyGe4ZNVRrCjBz8Nh9TMmZG1kh4QTK8hCBTWBi8Da+i7s1fJw7/lYpM4ccepSNfqzZ/QvABBi5g=="],

    "@biomejs/biome": ["@biomejs/biome@2.4.9", "", { "optionalDependencies": { "@biomejs/cli-darwin-arm64": "2.4.9", "@biomejs/cli-darwin-x64": "2.4.9", "@biomejs/cli-linux-arm64": "2.4.9", "@biomejs/cli-linux-arm64-musl": "2.4.9", "@biomejs/cli-linux-x64": "2.4.9", "@biomejs/cli-linux-x64-musl": "2.4.9", "@biomejs/cli-win32-arm64": "2.4.9", "@biomejs/cli-win32-x64": "2.4.9" }, "bin": { "biome": "bin/biome" } }, "sha512-wvZW92FrwitTcacvCBT8xdAbfbxWfDLwjYMmU3djjqQTh7Ni4ZdiWIT/x5VcZ+RQuxiKzIOzi5D+dcyJDFZMsA=="],

    "@biomejs/cli-darwin-arm64": ["@biomejs/cli-darwin-arm64@2.4.9", "", { "os": "darwin", "cpu": "arm64" }, "sha512-d5G8Gf2RpH5pYwiHLPA+UpG3G9TLQu4WM+VK6sfL7K68AmhcEQ9r+nkj/DvR/GYhYox6twsHUtmWWWIKfcfQQA=="],

    "@biomejs/cli-darwin-x64": ["@biomejs/cli-darwin-x64@2.4.9", "", { "os": "darwin", "cpu": "x64" }, "sha512-LNCLNgqDMG7BLdc3a8aY/dwKPK7+R8/JXJoXjCvZh2gx8KseqBdFDKbhrr7HCWF8SzNhbTaALhTBoh/I6rf9lA=="],

    "@biomejs/cli-linux-arm64": ["@biomejs/cli-linux-arm64@2.4.9", "", { "os": "linux", "cpu": "arm64" }, "sha512-4adnkAUi6K4C/emPRgYznMOcLlUqZdXWM6aIui4VP4LraE764g6Q4YguygnAUoxKjKIXIWPteKMgRbN0wsgwcg=="],

    "@biomejs/cli-linux-arm64-musl": ["@biomejs/cli-linux-arm64-musl@2.4.9", "", { "os": "linux", "cpu": "arm64" }, "sha512-8RCww5xnPn2wpK4L/QDGDOW0dq80uVWfppPxHIUg6mOs9B6gRmqPp32h1Ls3T8GnW8Wo5A8u7vpTwz4fExN+sw=="],

    "@biomejs/cli-linux-x64": ["@biomejs/cli-linux-x64@2.4.9", "", { "os": "linux", "cpu": "x64" }, "sha512-L10na7POF0Ks/cgLFNF1ZvIe+X4onLkTi5oP9hY+Rh60Q+7fWzKDDCeGyiHUFf1nGIa9dQOOUPGe2MyYg8nMSQ=="],

    "@biomejs/cli-linux-x64-musl": ["@biomejs/cli-linux-x64-musl@2.4.9", "", { "os": "linux", "cpu": "x64" }, "sha512-5TD+WS9v5vzXKzjetF0hgoaNFHMcpQeBUwKKVi3JbG1e9UCrFuUK3Gt185fyTzvRdwYkJJEMqglRPjmesmVv4A=="],

    "@biomejs/cli-win32-arm64": ["@biomejs/cli-win32-arm64@2.4.9", "", { "os": "win32", "cpu": "arm64" }, "sha512-aDZr0RBC3sMGJOU10BvG7eZIlWLK/i51HRIfScE2lVhfts2dQTreowLiJJd+UYg/tHKxS470IbzpuKmd0MiD6g=="],

    "@biomejs/cli-win32-x64": ["@biomejs/cli-win32-x64@2.4.9", "", { "os": "win32", "cpu": "x64" }, "sha512-NS4g/2G9SoQ4ktKtz31pvyc/rmgzlcIDCGU/zWbmHJAqx6gcRj2gj5Q/guXhoWTzCUaQZDIqiCQXHS7BcGYc0w=="],

    "@emotion/hash": ["@emotion/hash@0.8.0", "", {}, "sha512-kBJtf7PH6aWwZ6fka3zQ0p6SBYzx4fl1LoZXE2RrnYST9Xljm7WfKJrU4g/Xr3Beg72MLrp1AWNUmuYJTL7Cow=="],

    "@emotion/unitless": ["@emotion/unitless@0.7.5", "", {}, "sha512-OWORNpfjMsSSUBVrRBVGECkhWcULOAJz9ZW8uK9qgxD+87M7jHRcvh/A96XXNhXTLmKcoYSQtBEX7lHMO7YRwg=="],

    "@happy-dom/global-registrator": ["@happy-dom/global-registrator@20.8.9", "", { "dependencies": { "@types/node": ">=20.0.0", "happy-dom": "^20.8.9" } }, "sha512-DtZeRRHY9A/bisTJziUBBPrdnPui7+R185G/hzi6/Boymhqh7/wi53AY+IvQHS1+7OPaqfO/1XNpngNwthLz+A=="],

    "@rc-component/async-validator": ["@rc-component/async-validator@5.1.0", "", { "dependencies": { "@babel/runtime": "^7.24.4" } }, "sha512-n4HcR5siNUXRX23nDizbZBQPO0ZM/5oTtmKZ6/eqL0L2bo747cklFdZGRN2f+c9qWGICwDzrhW0H7tE9PptdcA=="],

    "@rc-component/cascader": ["@rc-component/cascader@1.14.0", "", { "dependencies": { "@rc-component/select": "~1.6.0", "@rc-component/tree": "~1.2.0", "@rc-component/util": "^1.4.0", "clsx": "^2.1.1" }, "peerDependencies": { "react": ">=18.0.0", "react-dom": ">=18.0.0" } }, "sha512-Ip9356xwZUR2nbW5PRVGif4B/bDve4pLa/N+PGbvBaTnjbvmN4PFMBGQSmlDlzKP1ovxaYMvwF/dI9lXNLT4iQ=="],

    "@rc-component/checkbox": ["@rc-component/checkbox@2.0.0", "", { "dependencies": { "@rc-component/util": "^1.3.0", "clsx": "^2.1.1" }, "peerDependencies": { "react": ">=16.9.0", "react-dom": ">=16.9.0" } }, "sha512-3CXGPpAR9gsPKeO2N78HAPOzU30UdemD6HGJoWVJOpa6WleaGB5kzZj3v6bdTZab31YuWgY/RxV3VKPctn0DwQ=="],

    "@rc-component/collapse": ["@rc-component/collapse@1.2.0", "", { "dependencies": { "@babel/runtime": "^7.10.1", "@rc-component/motion": "^1.1.4", "@rc-component/util": "^1.3.0", "clsx": "^2.1.1" }, "peerDependencies": { "react": ">=18.0.0", "react-dom": ">=18.0.0" } }, "sha512-ZRYSKSS39qsFx93p26bde7JUZJshsUBEQRlRXPuJYlAiNX0vyYlF5TsAm8JZN3LcF8XvKikdzPbgAtXSbkLUkw=="],

    "@rc-component/color-picker": ["@rc-component/color-picker@3.1.1", "", { "dependencies": { "@ant-design/fast-color": "^3.0.1", "@rc-component/util": "^1.3.0", "clsx": "^2.1.1" }, "peerDependencies": { "react": ">=16.9.0", "react-dom": ">=16.9.0" } }, "sha512-OHaCHLHszCegdXmIq2ZRIZBN/EtpT6Wm8SG/gpzLATHbVKc/avvuKi+zlOuk05FTWvgaMmpxAko44uRJ3M+2pg=="],

    "@rc-component/context": ["@rc-component/context@2.0.1", "", { "dependencies": { "@rc-component/util": "^1.3.0" }, "peerDependencies": { "react": ">=16.9.0", "react-dom": ">=16.9.0" } }, "sha512-HyZbYm47s/YqtP6pKXNMjPEMaukyg7P0qVfgMLzr7YiFNMHbK2fKTAGzms9ykfGHSfyf75nBbgWw+hHkp+VImw=="],

    "@rc-component/dialog": ["@rc-component/dialog@1.8.4", "", { "dependencies": { "@rc-component/motion": "^1.1.3", "@rc-component/portal": "^2.1.0", "@rc-component/util": "^1.9.0", "clsx": "^2.1.1" }, "peerDependencies": { "react": ">=18.0.0", "react-dom": ">=18.0.0" } }, "sha512-Ay6PM7phkTkquplG8fWfUGFZ2GTLx9diTl4f0d8Eqxd7W1u1KjE9AQooFQHOHnhZf0Ya3z51+5EKCWHmt/dNEw=="],

    "@rc-component/drawer": ["@rc-component/drawer@1.4.2", "", { "dependencies": { "@rc-component/motion": "^1.1.4", "@rc-component/portal": "^2.1.3", "@rc-component/util": "^1.9.0", "clsx": "^2.1.1" }, "peerDependencies": { "react": ">=18.0.0", "react-dom": ">=18.0.0" } }, "sha512-1ib+fZEp6FBu+YvcIktm+nCQ+Q+qIpwpoaJH6opGr4ofh2QMq+qdr5DLC4oCf5qf3pcWX9lUWPYX652k4ini8Q=="],

    "@rc-component/dropdown": ["@rc-component/dropdown@1.0.2", "", { "dependencies": { "@rc-component/trigger": "^3.0.0", "@rc-component/util": "^1.2.1", "clsx": "^2.1.1" }, "peerDependencies": { "react": ">=16.11.0", "react-dom": ">=16.11.0" } }, "sha512-6PY2ecUSYhDPhkNHHb4wfeAya04WhpmUSKzdR60G+kMNVUCX2vjT/AgTS0Lz0I/K6xrPMJ3enQbwVpeN3sHCgg=="],

    "@rc-component/form": ["@rc-component/form@1.8.0", "", { "dependencies": { "@rc-component/async-validator": "^5.1.0", "@rc-component/util": "^1.6.2", "clsx": "^2.1.1" }, "peerDependencies": { "react": ">=16.9.0", "react-dom": ">=16.9.0" } }, "sha512-eUD5KKYnIZWmJwRA0vnyO/ovYUfHGU1svydY1OrqU5fw8Oz9Tdqvxvrlh0wl6xI/EW69dT7II49xpgOWzK3T5A=="],

    "@rc-component/image": ["@rc-component/image@1.8.0", "", { "dependencies": { "@rc-component/motion": "^1.0.0", "@rc-component/portal": "^2.1.2", "@rc-component/util": "^1.10.0", "clsx": "^2.1.1" }, "peerDependencies": { "react": ">=16.9.0", "react-dom": ">=16.9.0" } }, "sha512-Dr41bFevLB5NgVaJhEUmNvbEf+ynAhim6W98ZW2xvCsdFISc2TYP4ZvCVdie3eaZdum2kieVcvpNHu+UrzAAHA=="],

    "@rc-component/input": ["@rc-component/input@1.1.2", "", { "dependencies": { "@rc-component/util": "^1.4.0", "clsx": "^2.1.1" }, "peerDependencies": { "react": ">=16.0.0", "react-dom": ">=16.0.0" } }, "sha512-Q61IMR47piUBudgixJ30CciKIy9b1H95qe7GgEKOmSJVJXvFRWJllJfQry9tif+MX2cWFXWJf/RXz4kaCeq/Fg=="],

    "@rc-component/input-number": ["@rc-component/input-number@1.6.2", "", { "dependencies": { "@rc-component/mini-decimal": "^1.0.1", "@rc-component/util": "^1.4.0", "clsx": "^2.1.1" }, "peerDependencies": { "react": ">=16.9.0", "react-dom": ">=16.9.0" } }, "sha512-Gjcq7meZlCOiWN1t1xCC+7/s85humHVokTBI7PJgTfoyw5OWF74y3e6P8PHX104g9+b54jsodFIzyaj6p8LI9w=="],

    "@rc-component/mentions": ["@rc-component/mentions@1.6.0", "", { "dependencies": { "@rc-component/input": "~1.1.0", "@rc-component/menu": "~1.2.0", "@rc-component/textarea": "~1.1.0", "@rc-component/trigger": "^3.0.0", "@rc-component/util": "^1.3.0", "clsx": "^2.1.1" }, "peerDependencies": { "react": ">=16.9.0", "react-dom": ">=16.9.0" } }, "sha512-KIkQNP6habNuTsLhUv0UGEOwG67tlmE7KNIJoQZZNggEZl5lQJTytFDb69sl5CK3TDdISCTjKP3nGEBKgT61CQ=="],

    "@rc-component/menu": ["@rc-component/menu@1.2.0", "", { "dependencies": { "@rc-component/motion": "^1.1.4", "@rc-component/overflow": "^1.0.0", "@rc-component/trigger": "^3.0.0", "@rc-component/util": "^1.3.0", "clsx": "^2.1.1" }, "peerDependencies": { "react": ">=16.9.0", "react-dom": ">=16.9.0" } }, "sha512-VWwDuhvYHSnTGj4n6bV3ISrLACcPAzdPOq3d0BzkeiM5cve8BEYfvkEhNoM0PLzv51jpcejeyrLXeMVIJ+QJlg=="],

    "@rc-component/mini-decimal": ["@rc-component/mini-decimal@1.1.3", "", { "dependencies": { "@babel/runtime": "^7.18.0" } }, "sha512-bk/FJ09fLf+NLODMAFll6CfYrHPBioTedhW6lxDBuuWucJEqFUd4l/D/5JgIi3dina6sYahB8iuPAZTNz2pMxw=="],

    "@rc-component/motion": ["@rc-component/motion@1.3.1", "", { "dependencies": { "@rc-component/util": "^1.2.0", "clsx": "^2.1.1" }, "peerDependencies": { "react": ">=16.9.0", "react-dom": ">=16.9.0" } }, "sha512-Wo1mkd0tCcHtvYvpPOmlYJz546z16qlsiwaygmW7NPJpOZOF9GBjhGzdzZSsC2lEJ1IUkWLF4gMHlRA1aSA+Yw=="],

    "@rc-component/mutate-observer": ["@rc-component/mutate-observer@2.0.1", "", { "dependencies": { "@rc-component/util": "^1.2.0" }, "peerDependencies": { "react": ">=16.9.0", "react-dom": ">=16.9.0" } }, "sha512-AyarjoLU5YlxuValRi+w8JRH2Z84TBbFO2RoGWz9d8bSu0FqT8DtugH3xC3BV7mUwlmROFauyWuXFuq4IFbH+w=="],

    "@rc-component/notification": ["@rc-component/notification@1.2.0", "", { "dependencies": { "@rc-component/motion": "^1.1.4", "@rc-component/util": "^1.2.1", "clsx": "^2.1.1" }, "peerDependencies": { "react": ">=16.9.0", "react-dom": ">=16.9.0" } }, "sha512-OX3J+zVU7rvoJCikjrfW7qOUp7zlDeFBK2eA3SFbGSkDqo63Sl4Ss8A04kFP+fxHSxMDIS9jYVEZtU1FNCFuBA=="],

    "@rc-component/overflow": ["@rc-component/overflow@1.0.0", "", { "dependencies": { "@babel/runtime": "^7.11.1", "@rc-component/resize-observer": "^1.0.1", "@rc-component/util": "^1.4.0", "clsx": "^2.1.1" }, "peerDependencies": { "react": ">=16.9.0", "react-dom": ">=16.9.0" } }, "sha512-GSlBeoE0XTBi5cf3zl8Qh7Uqhn7v8RrlJ8ajeVpEkNe94HWy5l5BQ0Mwn2TVUq9gdgbfEMUmTX7tJFAg7mz0Rw=="],

    "@rc-component/pagination": ["@rc-component/pagination@1.2.0", "", { "dependencies": { "@rc-component/util": "^1.3.0", "clsx": "^2.1.1" }, "peerDependencies": { "react": ">=16.9.0", "react-dom": ">=16.9.0" } }, "sha512-YcpUFE8dMLfSo6OARJlK6DbHHvrxz7pMGPGmC/caZSJJz6HRKHC1RPP001PRHCvG9Z/veD039uOQmazVuLJzlw=="],

    "@rc-component/picker": ["@rc-component/picker@1.9.1", "", { "dependencies": { "@rc-component/overflow": "^1.0.0", "@rc-component/resize-observer": "^1.0.0", "@rc-component/trigger": "^3.6.15", "@rc-component/util": "^1.3.0", "clsx": "^2.1.1" }, "peerDependencies": { "date-fns": ">= 2.x", "dayjs": ">= 1.x", "luxon": ">= 3.x", "moment": ">= 2.x", "react": ">=16.9.0", "react-dom": ">=16.9.0" }, "optionalPeers": ["date-fns", "dayjs", "luxon", "moment"] }, "sha512-9FBYYsvH3HMLICaPDA/1Th5FLaDkFa7qAtangIdlhKb3ZALaR745e9PsOhheJb6asS4QXc12ffiAcjdkZ4C5/g=="],

    "@rc-component/portal": ["@rc-component/portal@2.2.0", "", { "dependencies": { "@rc-component/util": "^1.2.1", "clsx": "^2.1.1" }, "peerDependencies": { "react": ">=18.0.0", "react-dom": ">=18.0.0" } }, "sha512-oc6FlA+uXCMiwArHsJyHcIkX4q6uKyndrPol2eWX8YPkAnztHOPsFIRtmWG4BMlGE5h7YIRE3NiaJ5VS8Lb1QQ=="],

    "@rc-component/progress": ["@rc-component/progress@1.0.2", "", { "dependencies": { "@rc-component/util": "^1.2.1", "clsx": "^2.1.1" }, "peerDependencies": { "react": ">=16.9.0", "react-dom": ">=16.9.0" } }, "sha512-WZUnH9eGxH1+xodZKqdrHke59uyGZSWgj5HBM5Kwk5BrTMuAORO7VJ2IP5Qbm9aH3n9x3IcesqHHR0NWPBC7fQ=="],

    "@rc-component/qrcode": ["@rc-component/qrcode@1.1.1", "", { "dependencies": { "@babel/runtime": "^7.24.7" }, "peerDependencies": { "react": ">=16.9.0", "react-dom": ">=16.9.0" } }, "sha512-LfLGNymzKdUPjXUbRP+xOhIWY4jQ+YMj5MmWAcgcAq1Ij8XP7tRmAXqyuv96XvLUBE/5cA8hLFl9eO1JQMujrA=="],

    "@rc-component/rate": ["@rc-component/rate@1.0.1", "", { "dependencies": { "@rc-component/util": "^1.3.0", "clsx": "^2.1.1" }, "peerDependencies": { "react": ">=16.9.0", "react-dom": ">=16.9.0" } }, "sha512-bkXxeBqDpl5IOC7yL7GcSYjQx9G8H+6kLYQnNZWeBYq2OYIv1MONd6mqKTjnnJYpV0cQIU2z3atdW0j1kttpTw=="],

    "@rc-component/resize-observer": ["@rc-component/resize-observer@1.1.2", "", { "dependencies": { "@rc-component/util": "^1.2.0" }, "peerDependencies": { "react": ">=16.9.0", "react-dom": ">=16.9.0" } }, "sha512-t/Bb0W8uvL4PYKAB3YcChC+DlHh0Wt5kM7q/J+0qpVEUMLe7Hk5zuvc9km0hMnTFPSx5Z7Wu/fzCLN6erVLE8Q=="],

    "@rc-component/segmented": ["@rc-component/segmented@1.3.0", "", { "dependencies": { "@babel/runtime": "^7.11.1", "@rc-component/motion": "^1.1.4", "@rc-component/util": "^1.3.0", "clsx": "^2.1.1" }, "peerDependencies": { "react": ">=16.0.0", "react-dom": ">=16.0.0" } }, "sha512-5J/bJ01mbDnoA6P/FW8SxUvKn+OgUSTZJPzCNnTBntG50tzoP7DydGhqxp7ggZXZls7me3mc2EQDXakU3iTVFg=="],

    "@rc-component/select": ["@rc-component/select@1.6.15", "", { "dependencies": { "@rc-component/overflow": "^1.0.0", "@rc-component/trigger": "^3.0.0", "@rc-component/util": "^1.3.0", "@rc-component/virtual-list": "^1.0.1", "clsx": "^2.1.1" }, "peerDependencies": { "react": "*", "react-dom": "*" } }, "sha512-SyVCWnqxCQZZcQvQJ/CxSjx2bGma6ds/HtnpkIfZVnt6RoEgbqUmHgD6vrzNarNXwbLXerwVzWwq8F3d1sst7g=="],

    "@rc-component/slider": ["@rc-component/slider@1.0.1", "", { "dependencies": { "@rc-component/util": "^1.3.0", "clsx": "^2.1.1" }, "peerDependencies": { "react": ">=16.9.0", "react-dom": ">=16.9.0" } }, "sha512-uDhEPU1z3WDfCJhaL9jfd2ha/Eqpdfxsn0Zb0Xcq1NGQAman0TWaR37OWp2vVXEOdV2y0njSILTMpTfPV1454g=="],

    "@rc-component/steps": ["@rc-component/steps@1.2.2", "", { "dependencies": { "@rc-component/util": "^1.2.1", "clsx": "^2.1.1" }, "peerDependencies": { "react": ">=16.9.0", "react-dom": ">=16.9.0" } }, "sha512-/yVIZ00gDYYPHSY0JP+M+s3ZvuXLu2f9rEjQqiUDs7EcYsUYrpJ/1bLj9aI9R7MBR3fu/NGh6RM9u2qGfqp+Nw=="],

    "@rc-component/switch": ["@rc-component/switch@1.0.3", "", { "dependencies": { "@rc-component/util": "^1.3.0", "clsx": "^2.1.1" }, "peerDependencies": { "react": ">=16.9.0", "react-dom": ">=16.9.0" } }, "sha512-Jgi+EbOBquje/XNdofr7xbJQZPYJP+BlPfR0h+WN4zFkdtB2EWqEfvkXJWeipflwjWip0/17rNbxEAqs8hVHfw=="],

    "@rc-component/table": ["@rc-component/table@1.9.1", "", { "dependencies": { "@rc-component/context": "^2.0.1", "@rc-component/resize-observer": "^1.0.0", "@rc-component/util": "^1.1.0", "@rc-component/virtual-list": "^1.0.1", "clsx": "^2.1.1" }, "peerDependencies": { "react": ">=18.0.0", "react-dom": ">=18.0.0" } }, "sha512-FVI5ZS/GdB3BcgexfCYKi3iHhZS3Fr59EtsxORszYGrfpH1eWr33eDNSYkVfLI6tfJ7vftJDd9D5apfFWqkdJg=="],

    "@rc-component/tabs": ["@rc-component/tabs@1.7.0", "", { "dependencies": { "@rc-component/dropdown": "~1.0.0", "@rc-component/menu": "~1.2.0", "@rc-component/motion": "^1.1.3", "@rc-component/resize-observer": "^1.0.0", "@rc-component/util": "^1.3.0", "clsx": "^2.1.1" }, "peerDependencies": { "react": ">=16.9.0", "react-dom": ">=16.9.0" } }, "sha512-J48cs2iBi7Ho3nptBxxIqizEliUC+ExE23faspUQKGQ550vaBlv3aGF8Epv/UB1vFWeoJDTW/dNzgIU0Qj5i/w=="],

    "@rc-component/textarea": ["@rc-component/textarea@1.1.2", "", { "dependencies": { "@rc-component/input": "~1.1.0", "@rc-component/resize-observer": "^1.0.0", "@rc-component/util": "^1.3.0", "clsx": "^2.1.1" }, "peerDependencies": { "react": ">=16.9.0", "react-dom": ">=16.9.0" } }, "sha512-9rMUEODWZDMovfScIEHXWlVZuPljZ2pd1LKNjslJVitn4SldEzq5vO1CL3yy3Dnib6zZal2r2DPtjy84VVpF6A=="],

    "@rc-component/tooltip": ["@rc-component/tooltip@1.4.0", "", { "dependencies": { "@rc-component/trigger": "^3.7.1", "@rc-component/util": "^1.3.0", "clsx": "^2.1.1" }, "peerDependencies": { "react": ">=18.0.0", "react-dom": ">=18.0.0" } }, "sha512-8Rx5DCctIlLI4raR0I0xHjVTf1aF48+gKCNeAAo5bmF5VoR5YED+A/XEqzXv9KKqrJDRcd3Wndpxh2hyzrTtSg=="],

    "@rc-component/tour": ["@rc-component/tour@2.3.0", "", { "dependencies": { "@rc-component/portal": "^2.2.0", "@rc-component/trigger": "^3.0.0", "@rc-component/util": "^1.7.0", "clsx": "^2.1.1" }, "peerDependencies": { "react": ">=16.9.0", "react-dom": ">=16.9.0" } }, "sha512-K04K9r32kUC+auBSQfr+Fss4SpSIS9JGe56oq/ALAX0p+i2ylYOI1MgR83yBY7v96eO6ZFXcM/igCQmubps0Ow=="],

    "@rc-component/tree": ["@rc-component/tree@1.2.4", "", { "dependencies": { "@rc-component/motion": "^1.0.0", "@rc-component/util": "^1.8.1", "@rc-component/virtual-list": "^1.0.1", "clsx": "^2.1.1" }, "peerDependencies": { "react": "*", "react-dom": "*" } }, "sha512-5Gli43+m4R7NhpYYz3Z61I6LOw9yI6CNChxgVtvrO6xB1qML7iE6QMLVMB3+FTjo2yF6uFdAHtqWPECz/zbX5w=="],

    "@rc-component/tree-select": ["@rc-component/tree-select@1.8.0", "", { "dependencies": { "@rc-component/select": "~1.6.0", "@rc-component/tree": "~1.2.0", "@rc-component/util": "^1.4.0", "clsx": "^2.1.1" }, "peerDependencies": { "react": "*", "react-dom": "*" } }, "sha512-iYsPq3nuLYvGqdvFAW+l+I9ASRIOVbMXyA8FGZg2lGym/GwkaWeJGzI4eJ7c9IOEhRj0oyfIN4S92Fl3J05mjQ=="],

    "@rc-component/trigger": ["@rc-component/trigger@3.9.0", "", { "dependencies": { "@rc-component/motion": "^1.1.4", "@rc-component/portal": "^2.2.0", "@rc-component/resize-observer": "^1.1.1", "@rc-component/util": "^1.2.1", "clsx": "^2.1.1" }, "peerDependencies": { "react": ">=18.0.0", "react-dom": ">=18.0.0" } }, "sha512-X8btpwfrT27AgrZVOz4swclhEHTZcqaHeQMXXBgveagOiakTa36uObXbdwerXffgV8G9dH1fAAE0DHtVQs8EHg=="],

    "@rc-component/upload": ["@rc-component/upload@1.1.0", "", { "dependencies": { "@rc-component/util": "^1.3.0", "clsx": "^2.1.1" }, "peerDependencies": { "react": ">=16.9.0", "react-dom": ">=16.9.0" } }, "sha512-LIBV90mAnUE6VK5N4QvForoxZc4XqEYZimcp7fk+lkE4XwHHyJWxpIXQQwMU8hJM+YwBbsoZkGksL1sISWHQxw=="],

    "@rc-component/util": ["@rc-component/util@1.10.0", "", { "dependencies": { "is-mobile": "^5.0.0", "react-is": "^18.2.0" }, "peerDependencies": { "react": ">=18.0.0", "react-dom": ">=18.0.0" } }, "sha512-aY9GLBuiUdpyfIUpAWSYer4Tu3mVaZCo5A0q9NtXcazT3MRiI3/WNHCR+DUn5VAtR6iRRf0ynCqQUcHli5UdYw=="],

    "@rc-component/virtual-list": ["@rc-component/virtual-list@1.0.2", "", { "dependencies": { "@babel/runtime": "^7.20.0", "@rc-component/resize-observer": "^1.0.1", "@rc-component/util": "^1.4.0", "clsx": "^2.1.1" }, "peerDependencies": { "react": ">=16.9.0", "react-dom": ">=16.9.0" } }, "sha512-uvTol/mH74FYsn5loDGJxo+7kjkO4i+y4j87Re1pxJBs0FaeuMuLRzQRGaXwnMcV1CxpZLi2Z56Rerj2M00fjQ=="],

    "@testing-library/dom": ["@testing-library/dom@10.4.1", "", { "dependencies": { "@babel/code-frame": "^7.10.4", "@babel/runtime": "^7.12.5", "@types/aria-query": "^5.0.1", "aria-query": "5.3.0", "dom-accessibility-api": "^0.5.9", "lz-string": "^1.5.0", "picocolors": "1.1.1", "pretty-format": "^27.0.2" } }, "sha512-o4PXJQidqJl82ckFaXUeoAW+XysPLauYI43Abki5hABd853iMhitooc6znOnczgbTYmEP6U6/y1ZyKAIsvMKGg=="],

    "@testing-library/react": ["@testing-library/react@16.3.2", "", { "dependencies": { "@babel/runtime": "^7.12.5" }, "peerDependencies": { "@testing-library/dom": "^10.0.0", "@types/react": "^18.0.0 || ^19.0.0", "@types/react-dom": "^18.0.0 || ^19.0.0", "react": "^18.0.0 || ^19.0.0", "react-dom": "^18.0.0 || ^19.0.0" }, "optionalPeers": ["@types/react", "@types/react-dom"] }, "sha512-XU5/SytQM+ykqMnAnvB2umaJNIOsLF3PVv//1Ew4CTcpz0/BRyy/af40qqrt7SjKpDdT1saBMc42CUok5gaw+g=="],

    "@types/aria-query": ["@types/aria-query@5.0.4", "", {}, "sha512-rfT93uj5s0PRL7EzccGMs3brplhcrghnDoV26NqKhCAS1hVo+WdNsPvE/yb6ilfr5hi2MEk6d5EWJTKdxg8jVw=="],

    "@types/bun": ["@types/bun@1.3.11", "", { "dependencies": { "bun-types": "1.3.11" } }, "sha512-5vPne5QvtpjGpsGYXiFyycfpDF2ECyPcTSsFBMa0fraoxiQyMJ3SmuQIGhzPg2WJuWxVBoxWJ2kClYTcw/4fAg=="],

    "@types/node": ["@types/node@25.5.0", "", { "dependencies": { "undici-types": "~7.18.0" } }, "sha512-jp2P3tQMSxWugkCUKLRPVUpGaL5MVFwF8RDuSRztfwgN1wmqJeMSbKlnEtQqU8UrhTmzEmZdu2I6v2dpp7XIxw=="],

    "@types/react": ["@types/react@19.2.14", "", { "dependencies": { "csstype": "^3.2.2" } }, "sha512-ilcTH/UniCkMdtexkoCN0bI7pMcJDvmQFPvuPvmEaYA/NSfFTAgdUSLAoVjaRJm7+6PvcM+q1zYOwS4wTYMF9w=="],

    "@types/react-dom": ["@types/react-dom@19.2.3", "", { "peerDependencies": { "@types/react": "^19.2.0" } }, "sha512-jp2L/eY6fn+KgVVQAOqYItbF0VY/YApe5Mz2F0aykSO8gx31bYCZyvSeYxCHKvzHG5eZjc+zyaS5BrBWya2+kQ=="],

    "@types/whatwg-mimetype": ["@types/whatwg-mimetype@3.0.2", "", {}, "sha512-c2AKvDT8ToxLIOUlN51gTiHXflsfIFisS4pO7pDPoKouJCESkhZnEy623gwP9laCy5lnLDAw1vAzu2vM2YLOrA=="],

    "@types/ws": ["@types/ws@8.18.1", "", { "dependencies": { "@types/node": "*" } }, "sha512-ThVF6DCVhA8kUGy+aazFQ4kXQ7E1Ty7A3ypFOe0IcJV8O/M511G99AW24irKrW56Wt44yG9+ij8FaqoBGkuBXg=="],

    "ansi-regex": ["ansi-regex@5.0.1", "", {}, "sha512-quJQXlTSUGL2LH9SUXo8VwsY4soanhgo6LNSm84E1LBcE8s3O0wpdiRzyR9z/ZZJMlMWv37qOOb9pdJlMUEKFQ=="],

    "ansi-styles": ["ansi-styles@5.2.0", "", {}, "sha512-Cxwpt2SfTzTtXcfOlzGEee8O+c+MmUgGrNiBcXnuWxuFJHe6a5Hz7qwhwe5OgaSYI0IJvkLqWX1ASG+cJOkEiA=="],

    "antd": ["antd@6.3.4", "", { "dependencies": { "@ant-design/colors": "^8.0.1", "@ant-design/cssinjs": "^2.1.2", "@ant-design/cssinjs-utils": "^2.1.2", "@ant-design/fast-color": "^3.0.1", "@ant-design/icons": "^6.1.0", "@ant-design/react-slick": "~2.0.0", "@babel/runtime": "^7.28.4", "@rc-component/cascader": "~1.14.0", "@rc-component/checkbox": "~2.0.0", "@rc-component/collapse": "~1.2.0", "@rc-component/color-picker": "~3.1.1", "@rc-component/dialog": "~1.8.4", "@rc-component/drawer": "~1.4.2", "@rc-component/dropdown": "~1.0.2", "@rc-component/form": "~1.8.0", "@rc-component/image": "~1.8.0", "@rc-component/input": "~1.1.2", "@rc-component/input-number": "~1.6.2", "@rc-component/mentions": "~1.6.0", "@rc-component/menu": "~1.2.0", "@rc-component/motion": "^1.3.1", "@rc-component/mutate-observer": "^2.0.1", "@rc-component/notification": "~1.2.0", "@rc-component/pagination": "~1.2.0", "@rc-component/picker": "~1.9.1", "@rc-component/progress": "~1.0.2", "@rc-component/qrcode": "~1.1.1", "@rc-component/rate": "~1.0.1", "@rc-component/resize-observer": "^1.1.1", "@rc-component/segmented": "~1.3.0", "@rc-component/select": "~1.6.15", "@rc-component/slider": "~1.0.1", "@rc-component/steps": "~1.2.2", "@rc-component/switch": "~1.0.3", "@rc-component/table": "~1.9.1", "@rc-component/tabs": "~1.7.0", "@rc-component/textarea": "~1.1.2", "@rc-component/tooltip": "~1.4.0", "@rc-component/tour": "~2.3.0", "@rc-component/tree": "~1.2.4", "@rc-component/tree-select": "~1.8.0", "@rc-component/trigger": "^3.9.0", "@rc-component/upload": "~1.1.0", "@rc-component/util": "^1.10.0", "clsx": "^2.1.1", "dayjs": "^1.11.11", "scroll-into-view-if-needed": "^3.1.0", "throttle-debounce": "^5.0.2" }, "peerDependencies": { "react": ">=18.0.0", "react-dom": ">=18.0.0" } }, "sha512-Bu6JivPP7bFfYIdVj+61dxhwSOz+A3m0W7PlDasFGC3H3sNMYQ9gJXZoo11/rQh7pTlOQa351q5Ig/zjI98XYw=="],

    "aria-query": ["aria-query@5.3.0", "", { "dependencies": { "dequal": "^2.0.3" } }, "sha512-b0P0sZPKtyu8HkeRAfCq0IfURZK+SuwMjY1UXGBU27wpAiTwQAIlq56IbIO+ytk/JjS1fMR14ee5WBBfKi5J6A=="],

    "bun-types": ["bun-types@1.3.11", "", { "dependencies": { "@types/node": "*" } }, "sha512-1KGPpoxQWl9f6wcZh57LvrPIInQMn2TQ7jsgxqpRzg+l0QPOFvJVH7HmvHo/AiPgwXy+/Thf6Ov3EdVn1vOabg=="],

    "clsx": ["clsx@2.1.1", "", {}, "sha512-eYm0QWBtUrBWZWG0d386OGAw16Z995PiOVo2B7bjWSbHedGl5e0ZWaq65kOGgUSNesEIDkB9ISbTg/JK9dhCZA=="],

    "compute-scroll-into-view": ["compute-scroll-into-view@3.1.1", "", {}, "sha512-VRhuHOLoKYOy4UbilLbUzbYg93XLjv2PncJC50EuTWPA3gaja1UjBsUP/D/9/juV3vQFr6XBEzn9KCAHdUvOHw=="],

    "csstype": ["csstype@3.2.3", "", {}, "sha512-z1HGKcYy2xA8AGQfwrn0PAy+PB7X/GSj3UVJW9qKyn43xWa+gl5nXmU4qqLMRzWVLFC8KusUX8T/0kCiOYpAIQ=="],

    "dayjs": ["dayjs@1.11.20", "", {}, "sha512-YbwwqR/uYpeoP4pu043q+LTDLFBLApUP6VxRihdfNTqu4ubqMlGDLd6ErXhEgsyvY0K6nCs7nggYumAN+9uEuQ=="],

    "dequal": ["dequal@2.0.3", "", {}, "sha512-0je+qPKHEMohvfRTCEo3CrPG6cAzAYgmzKyxRiYSSDkS6eGJdyVJm7WaYA5ECaAD9wLB2T4EEeymA5aFVcYXCA=="],

    "dom-accessibility-api": ["dom-accessibility-api@0.5.16", "", {}, "sha512-X7BJ2yElsnOJ30pZF4uIIDfBEVgF4XEBxL9Bxhy6dnrm5hkzqmsWHGTiHqRiITNhMyFLyAiWndIJP7Z1NTteDg=="],

    "entities": ["entities@7.0.1", "", {}, "sha512-TWrgLOFUQTH994YUyl1yT4uyavY5nNB5muff+RtWaqNVCAK408b5ZnnbNAUEWLTCpum9w6arT70i1XdQ4UeOPA=="],

    "happy-dom": ["happy-dom@20.8.9", "", { "dependencies": { "@types/node": ">=20.0.0", "@types/whatwg-mimetype": "^3.0.2", "@types/ws": "^8.18.1", "entities": "^7.0.1", "whatwg-mimetype": "^3.0.0", "ws": "^8.18.3" } }, "sha512-Tz23LR9T9jOGVZm2x1EPdXqwA37G/owYMxRwU0E4miurAtFsPMQ1d2Jc2okUaSjZqAFz2oEn3FLXC5a0a+siyA=="],

    "is-mobile": ["is-mobile@5.0.0", "", {}, "sha512-Tz/yndySvLAEXh+Uk8liFCxOwVH6YutuR74utvOcu7I9Di+DwM0mtdPVZNaVvvBUM2OXxne/NhOs1zAO7riusQ=="],

    "js-tokens": ["js-tokens@4.0.0", "", {}, "sha512-RdJUflcE3cUzKiMqQgsCu06FPu9UdIJO0beYbPhHN4k6apgJtifcoCtT9bcxOpYBtpD2kCM6Sbzg4CausW/PKQ=="],

    "json2mq": ["json2mq@0.2.0", "", { "dependencies": { "string-convert": "^0.2.0" } }, "sha512-SzoRg7ux5DWTII9J2qkrZrqV1gt+rTaoufMxEzXbS26Uid0NwaJd123HcoB80TgubEppxxIGdNxCx50fEoEWQA=="],

    "lz-string": ["lz-string@1.5.0", "", { "bin": { "lz-string": "bin/bin.js" } }, "sha512-h5bgJWpxJNswbU7qCrV0tIKQCaS3blPDrqKWx+QxzuzL1zGUzij9XCWLrSLsJPu5t+eWA/ycetzYAO5IOMcWAQ=="],

    "picocolors": ["picocolors@1.1.1", "", {}, "sha512-xceH2snhtb5M9liqDsmEw56le376mTZkEX/jEb/RxNFyegNul7eNslCXP9FDj/Lcu0X8KEyMceP2ntpaHrDEVA=="],

    "pretty-format": ["pretty-format@27.5.1", "", { "dependencies": { "ansi-regex": "^5.0.1", "ansi-styles": "^5.0.0", "react-is": "^17.0.1" } }, "sha512-Qb1gy5OrP5+zDf2Bvnzdl3jsTf1qXVMazbvCoKhtKqVs4/YK4ozX4gKQJJVyNe+cajNPn0KoC0MC3FUmaHWEmQ=="],

    "react": ["react@19.2.4", "", {}, "sha512-9nfp2hYpCwOjAN+8TZFGhtWEwgvWHXqESH8qT89AT/lWklpLON22Lc8pEtnpsZz7VmawabSU0gCjnj8aC0euHQ=="],

    "react-dom": ["react-dom@19.2.4", "", { "dependencies": { "scheduler": "^0.27.0" }, "peerDependencies": { "react": "^19.2.4" } }, "sha512-AXJdLo8kgMbimY95O2aKQqsz2iWi9jMgKJhRBAxECE4IFxfcazB2LmzloIoibJI3C12IlY20+KFaLv+71bUJeQ=="],

    "react-is": ["react-is@18.3.1", "", {}, "sha512-/LLMVyas0ljjAtoYiPqYiL8VWXzUUdThrmU5+n20DZv+a+ClRoevUzw5JxU+Ieh5/c87ytoTBV9G1FiKfNJdmg=="],

    "scheduler": ["scheduler@0.27.0", "", {}, "sha512-eNv+WrVbKu1f3vbYJT/xtiF5syA5HPIMtf9IgY/nKg0sWqzAUEvqY/xm7OcZc/qafLx/iO9FgOmeSAp4v5ti/Q=="],

    "scroll-into-view-if-needed": ["scroll-into-view-if-needed@3.1.0", "", { "dependencies": { "compute-scroll-into-view": "^3.0.2" } }, "sha512-49oNpRjWRvnU8NyGVmUaYG4jtTkNonFZI86MmGRDqBphEK2EXT9gdEUoQPZhuBM8yWHxCWbobltqYO5M4XrUvQ=="],

    "string-convert": ["string-convert@0.2.1", "", {}, "sha512-u/1tdPl4yQnPBjnVrmdLo9gtuLvELKsAoRapekWggdiQNvvvum+jYF329d84NAa660KQw7pB2n36KrIKVoXa3A=="],

    "stylis": ["stylis@4.3.6", "", {}, "sha512-yQ3rwFWRfwNUY7H5vpU0wfdkNSnvnJinhF9830Swlaxl03zsOjCfmX0ugac+3LtK0lYSgwL/KXc8oYL3mG4YFQ=="],

    "throttle-debounce": ["throttle-debounce@5.0.2", "", {}, "sha512-B71/4oyj61iNH0KeCamLuE2rmKuTO5byTOSVwECM5FA7TiAiAW+UqTKZ9ERueC4qvgSttUhdmq1mXC3kJqGX7A=="],

    "typescript": ["typescript@5.9.3", "", { "bin": { "tsc": "bin/tsc", "tsserver": "bin/tsserver" } }, "sha512-jl1vZzPDinLr9eUt3J/t7V6FgNEw9QjvBPdysz9KfQDD41fQrC2Y4vKQdiaUpFT4bXlb1RHhLpp8wtm6M5TgSw=="],

    "undici-types": ["undici-types@7.18.2", "", {}, "sha512-AsuCzffGHJybSaRrmr5eHr81mwJU3kjw6M+uprWvCXiNeN9SOGwQ3Jn8jb8m3Z6izVgknn1R0FTCEAP2QrLY/w=="],

    "whatwg-mimetype": ["whatwg-mimetype@3.0.0", "", {}, "sha512-nt+N2dzIutVRxARx1nghPKGv1xHikU7HKdfafKkLNLindmPU/ch3U31NOCGGA/dmPcmb1VlofO0vnKAcsm0o/Q=="],

    "ws": ["ws@8.20.0", "", { "peerDependencies": { "bufferutil": "^4.0.1", "utf-8-validate": ">=5.0.2" }, "optionalPeers": ["bufferutil", "utf-8-validate"] }, "sha512-sAt8BhgNbzCtgGbt2OxmpuryO63ZoDk/sqaB/znQm94T4fCEsy/yV+7CdC1kJhOU9lboAEU7R3kquuycDoibVA=="],

    "pretty-format/react-is": ["react-is@17.0.2", "", {}, "sha512-w2GsyukL62IJnlaff/nRegPQR94C/XXamvMWmSHRJ4y7Ts/4ocGRmTHvOs8PSE6pB3dWOrD/nueuU5sduBsQ4w=="],
  }
}
